// !$*UTF8*$!
{
	archiveVersion = 1;
	classes = {
	};
	objectVersion = 51;
	objects = {

/* Begin PBXBuildFile section */
		22088675249C91BF00F1D9C4 /* GoogleService-Info.plist in Resources */ = {isa = PBXBuildFile; fileRef = 22088674249C91BF00F1D9C4 /* GoogleService-Info.plist */; };
		227D8A75249C838800D992B0 /* AppDelegate.swift in Sources */ = {isa = PBXBuildFile; fileRef = 227D8A74249C838800D992B0 /* AppDelegate.swift */; };
		227D8A77249C838800D992B0 /* SceneDelegate.swift in Sources */ = {isa = PBXBuildFile; fileRef = 227D8A76249C838800D992B0 /* SceneDelegate.swift */; };
		227D8A79249C838800D992B0 /* FirstViewController.swift in Sources */ = {isa = PBXBuildFile; fileRef = 227D8A78249C838800D992B0 /* FirstViewController.swift */; };
		227D8A7B249C838800D992B0 /* SecondViewController.swift in Sources */ = {isa = PBXBuildFile; fileRef = 227D8A7A249C838800D992B0 /* SecondViewController.swift */; };
		227D8A7E249C838900D992B0 /* Main.storyboard in Resources */ = {isa = PBXBuildFile; fileRef = 227D8A7C249C838900D992B0 /* Main.storyboard */; };
		227D8A80249C83A500D992B0 /* Assets.xcassets in Resources */ = {isa = PBXBuildFile; fileRef = 227D8A7F249C83A500D992B0 /* Assets.xcassets */; };
		227D8A83249C83A500D992B0 /* LaunchScreen.storyboard in Resources */ = {isa = PBXBuildFile; fileRef = 227D8A81249C83A500D992B0 /* LaunchScreen.storyboard */; };
		3C5C4BA1B50BFA5A98A46078 /* Pods_KevBackEnd.framework in Frameworks */ = {isa = PBXBuildFile; fileRef = E42294791B7D9F02450AF8CB /* Pods_KevBackEnd.framework */; };
/* End PBXBuildFile section */

/* Begin PBXFileReference section */
		22088674249C91BF00F1D9C4 /* GoogleService-Info.plist */ = {isa = PBXFileReference; fileEncoding = 4; lastKnownFileType = text.plist.xml; name = "GoogleService-Info.plist"; path = "../../../../Downloads/GoogleService-Info.plist"; sourceTree = "<group>"; };
		227D8A71249C838800D992B0 /* KevBackEnd.app */ = {isa = PBXFileReference; explicitFileType = wrapper.application; includeInIndex = 0; path = KevBackEnd.app; sourceTree = BUILT_PRODUCTS_DIR; };
		227D8A74249C838800D992B0 /* AppDelegate.swift */ = {isa = PBXFileReference; lastKnownFileType = sourcecode.swift; path = AppDelegate.swift; sourceTree = "<group>"; };
		227D8A76249C838800D992B0 /* SceneDelegate.swift */ = {isa = PBXFileReference; lastKnownFileType = sourcecode.swift; path = SceneDelegate.swift; sourceTree = "<group>"; };
		227D8A78249C838800D992B0 /* FirstViewController.swift */ = {isa = PBXFileReference; lastKnownFileType = sourcecode.swift; path = FirstViewController.swift; sourceTree = "<group>"; };
		227D8A7A249C838800D992B0 /* SecondViewController.swift */ = {isa = PBXFileReference; lastKnownFileType = sourcecode.swift; path = SecondViewController.swift; sourceTree = "<group>"; };
		227D8A7D249C838900D992B0 /* Base */ = {isa = PBXFileReference; lastKnownFileType = file.storyboard; name = Base; path = Base.lproj/Main.storyboard; sourceTree = "<group>"; };
		227D8A7F249C83A500D992B0 /* Assets.xcassets */ = {isa = PBXFileReference; lastKnownFileType = folder.assetcatalog; path = Assets.xcassets; sourceTree = "<group>"; };
		227D8A82249C83A500D992B0 /* Base */ = {isa = PBXFileReference; lastKnownFileType = file.storyboard; name = Base; path = Base.lproj/LaunchScreen.storyboard; sourceTree = "<group>"; };
		227D8A84249C83A500D992B0 /* Info.plist */ = {isa = PBXFileReference; lastKnownFileType = text.plist.xml; path = Info.plist; sourceTree = "<group>"; };
		9793EBB89DB9B1C24407774B /* Pods-KevBackEnd.release.xcconfig */ = {isa = PBXFileReference; includeInIndex = 1; lastKnownFileType = text.xcconfig; name = "Pods-KevBackEnd.release.xcconfig"; path = "Target Support Files/Pods-KevBackEnd/Pods-KevBackEnd.release.xcconfig"; sourceTree = "<group>"; };
		E42294791B7D9F02450AF8CB /* Pods_KevBackEnd.framework */ = {isa = PBXFileReference; explicitFileType = wrapper.framework; includeInIndex = 0; path = Pods_KevBackEnd.framework; sourceTree = BUILT_PRODUCTS_DIR; };
		F5F3BE8B414FD9BF641ABB34 /* Pods-KevBackEnd.debug.xcconfig */ = {isa = PBXFileReference; includeInIndex = 1; lastKnownFileType = text.xcconfig; name = "Pods-KevBackEnd.debug.xcconfig"; path = "Target Support Files/Pods-KevBackEnd/Pods-KevBackEnd.debug.xcconfig"; sourceTree = "<group>"; };
/* End PBXFileReference section */

/* Begin PBXFrameworksBuildPhase section */
		227D8A6E249C838800D992B0 /* Frameworks */ = {
			isa = PBXFrameworksBuildPhase;
			buildActionMask = 2147483647;
			files = (
				3C5C4BA1B50BFA5A98A46078 /* Pods_KevBackEnd.framework in Frameworks */,
			);
			runOnlyForDeploymentPostprocessing = 0;
		};
/* End PBXFrameworksBuildPhase section */

/* Begin PBXGroup section */
		227D8A68249C838800D992B0 = {
			isa = PBXGroup;
			children = (
				227D8A73249C838800D992B0 /* KevBackEnd */,
				227D8A72249C838800D992B0 /* Products */,
				98F1A5B4B5A8FAD527A333A0 /* Pods */,
				7F38D3F1CAA9099D92FBDA62 /* Frameworks */,
			);
			sourceTree = "<group>";
		};
		227D8A72249C838800D992B0 /* Products */ = {
			isa = PBXGroup;
			children = (
				227D8A71249C838800D992B0 /* KevBackEnd.app */,
			);
			name = Products;
			sourceTree = "<group>";
		};
		227D8A73249C838800D992B0 /* KevBackEnd */ = {
			isa = PBXGroup;
			children = (
				227D8A74249C838800D992B0 /* AppDelegate.swift */,
				227D8A76249C838800D992B0 /* SceneDelegate.swift */,
				227D8A78249C838800D992B0 /* FirstViewController.swift */,
				227D8A7A249C838800D992B0 /* SecondViewController.swift */,
				227D8A7C249C838900D992B0 /* Main.storyboard */,
				227D8A7F249C83A500D992B0 /* Assets.xcassets */,
				227D8A81249C83A500D992B0 /* LaunchScreen.storyboard */,
				227D8A84249C83A500D992B0 /* Info.plist */,
				22088674249C91BF00F1D9C4 /* GoogleService-Info.plist */,
			);
			path = KevBackEnd;
			sourceTree = "<group>";
		};
		7F38D3F1CAA9099D92FBDA62 /* Frameworks */ = {
			isa = PBXGroup;
			children = (
				E42294791B7D9F02450AF8CB /* Pods_KevBackEnd.framework */,
			);
			name = Frameworks;
			sourceTree = "<group>";
		};
		98F1A5B4B5A8FAD527A333A0 /* Pods */ = {
			isa = PBXGroup;
			children = (
				F5F3BE8B414FD9BF641ABB34 /* Pods-KevBackEnd.debug.xcconfig */,
				9793EBB89DB9B1C24407774B /* Pods-KevBackEnd.release.xcconfig */,
			);
			path = Pods;
			sourceTree = "<group>";
		};
/* End PBXGroup section */

/* Begin PBXNativeTarget section */
		227D8A70249C838800D992B0 /* KevBackEnd */ = {
			isa = PBXNativeTarget;
			buildConfigurationList = 227D8A87249C83A600D992B0 /* Build configuration list for PBXNativeTarget "KevBackEnd" */;
			buildPhases = (
				72E163558EE6EC6B21946307 /* [CP] Check Pods Manifest.lock */,
				227D8A6D249C838800D992B0 /* Sources */,
				227D8A6E249C838800D992B0 /* Frameworks */,
				227D8A6F249C838800D992B0 /* Resources */,
				5128619F7E7DAE676F7E5CA9 /* [CP] Embed Pods Frameworks */,
			);
			buildRules = (
			);
			dependencies = (
			);
			name = KevBackEnd;
			productName = KevBackEnd;
			productReference = 227D8A71249C838800D992B0 /* KevBackEnd.app */;
			productType = "com.apple.product-type.application";
		};
/* End PBXNativeTarget section */

/* Begin PBXProject section */
		227D8A69249C838800D992B0 /* Project object */ = {
			isa = PBXProject;
			attributes = {
				LastSwiftUpdateCheck = 1150;
				LastUpgradeCheck = 1150;
				ORGANIZATIONNAME = "KEEVIN MITCHELL";
				TargetAttributes = {
					227D8A70249C838800D992B0 = {
						CreatedOnToolsVersion = 11.5;
					};
				};
			};
			buildConfigurationList = 227D8A6C249C838800D992B0 /* Build configuration list for PBXProject "KevBackEnd" */;
			compatibilityVersion = "Xcode 9.3";
			developmentRegion = en;
			hasScannedForEncodings = 0;
			knownRegions = (
				en,
				Base,
			);
			mainGroup = 227D8A68249C838800D992B0;
			productRefGroup = 227D8A72249C838800D992B0 /* Products */;
			projectDirPath = "";
			projectRoot = "";
			targets = (
				227D8A70249C838800D992B0 /* KevBackEnd */,
			);
		};
/* End PBXProject section */

/* Begin PBXResourcesBuildPhase section */
		227D8A6F249C838800D992B0 /* Resources */ = {
			isa = PBXResourcesBuildPhase;
			buildActionMask = 2147483647;
			files = (
				227D8A83249C83A500D992B0 /* LaunchScreen.storyboard in Resources */,
				22088675249C91BF00F1D9C4 /* GoogleService-Info.plist in Resources */,
				227D8A80249C83A500D992B0 /* Assets.xcassets in Resources */,
				227D8A7E249C838900D992B0 /* Main.storyboard in Resources */,
			);
			runOnlyForDeploymentPostprocessing = 0;
		};
/* End PBXResourcesBuildPhase section */

/* Begin PBXShellScriptBuildPhase section */
		5128619F7E7DAE676F7E5CA9 /* [CP] Embed Pods Frameworks */ = {
			isa = PBXShellScriptBuildPhase;
			buildActionMask = 2147483647;
			files = (
			);
			inputFileListPaths = (
				"${PODS_ROOT}/Target Support Files/Pods-KevBackEnd/Pods-KevBackEnd-frameworks-${CONFIGURATION}-input-files.xcfilelist",
			);
			name = "[CP] Embed Pods Frameworks";
			outputFileListPaths = (
				"${PODS_ROOT}/Target Support Files/Pods-KevBackEnd/Pods-KevBackEnd-frameworks-${CONFIGURATION}-output-files.xcfilelist",
			);
			runOnlyForDeploymentPostprocessing = 0;
			shellPath = /bin/sh;
			shellScript = "\"${PODS_ROOT}/Target Support Files/Pods-KevBackEnd/Pods-KevBackEnd-frameworks.sh\"\n";
			showEnvVarsInLog = 0;
		};
		72E163558EE6EC6B21946307 /* [CP] Check Pods Manifest.lock */ = {
			isa = PBXShellScriptBuildPhase;
			buildActionMask = 2147483647;
			files = (
			);
			inputFileListPaths = (
			);
			inputPaths = (
				"${PODS_PODFILE_DIR_PATH}/Podfile.lock",
				"${PODS_ROOT}/Manifest.lock",
			);
			name = "[CP] Check Pods Manifest.lock";
			outputFileListPaths = (
			);
			outputPaths = (
				"$(DERIVED_FILE_DIR)/Pods-KevBackEnd-checkManifestLockResult.txt",
			);
			runOnlyForDeploymentPostprocessing = 0;
			shellPath = /bin/sh;
			shellScript = "diff \"${PODS_PODFILE_DIR_PATH}/Podfile.lock\" \"${PODS_ROOT}/Manifest.lock\" > /dev/null\nif [ $? != 0 ] ; then\n    # print error to STDERR\n    echo \"error: The sandbox is not in sync with the Podfile.lock. Run 'pod install' or update your CocoaPods installation.\" >&2\n    exit 1\nfi\n# This output is used by Xcode 'outputs' to avoid re-running this script phase.\necho \"SUCCESS\" > \"${SCRIPT_OUTPUT_FILE_0}\"\n";
			showEnvVarsInLog = 0;
		};
/* End PBXShellScriptBuildPhase section */

/* Begin PBXSourcesBuildPhase section */
		227D8A6D249C838800D992B0 /* Sources */ = {
			isa = PBXSourcesBuildPhase;
			buildActionMask = 2147483647;
			files = (
				227D8A7B249C838800D992B0 /* SecondViewController.swift in Sources */,
				227D8A79249C838800D992B0 /* FirstViewController.swift in Sources */,
				227D8A75249C838800D992B0 /* AppDelegate.swift in Sources */,
				227D8A77249C838800D992B0 /* SceneDelegate.swift in Sources */,
			);
			runOnlyForDeploymentPostprocessing = 0;
		};
/* End PBXSourcesBuildPhase section */

/* Begin PBXVariantGroup section */
		227D8A7C249C838900D992B0 /* Main.storyboard */ = {
			isa = PBXVariantGroup;
			children = (
				227D8A7D249C838900D992B0 /* Base */,
			);
			name = Main.storyboard;
			sourceTree = "<group>";
		};
		227D8A81249C83A500D992B0 /* LaunchScreen.storyboard */ = {
			isa = PBXVariantGroup;
			children = (
				227D8A82249C83A500D992B0 /* Base */,
			);
			name = LaunchScreen.storyboard;
			sourceTree = "<group>";
		};
/* End PBXVariantGroup section */

/* Begin XCBuildConfiguration section */
		227D8A85249C83A500D992B0 /* Debug */ = {
			isa = XCBuildConfiguration;
			buildSettings = {
				ALWAYS_SEARCH_USER_PATHS = NO;
				CLANG_ANALYZER_NONNULL = YES;
				CLANG_ANALYZER_NUMBER_OBJECT_CONVERSION = YES_AGGRESSIVE;
				CLANG_CXX_LANGUAGE_STANDARD = "gnu++14";
				CLANG_CXX_LIBRARY = "libc++";
				CLANG_ENABLE_MODULES = YES;
				CLANG_ENABLE_OBJC_ARC = YES;
				CLANG_ENABLE_OBJC_WEAK = YES;
				CLANG_WARN_BLOCK_CAPTURE_AUTORELEASING = YES;
				CLANG_WARN_BOOL_CONVERSION = YES;
				CLANG_WARN_COMMA = YES;
				CLANG_WARN_CONSTANT_CONVERSION = YES;
				CLANG_WARN_DEPRECATED_OBJC_IMPLEMENTATIONS = YES;
				CLANG_WARN_DIRECT_OBJC_ISA_USAGE = YES_ERROR;
				CLANG_WARN_DOCUMENTATION_COMMENTS = YES;
				CLANG_WARN_EMPTY_BODY = YES;
				CLANG_WARN_ENUM_CONVERSION = YES;
				CLANG_WARN_INFINITE_RECURSION = YES;
				CLANG_WARN_INT_CONVERSION = YES;
				CLANG_WARN_NON_LITERAL_NULL_CONVERSION = YES;
				CLANG_WARN_OBJC_IMPLICIT_RETAIN_SELF = YES;
				CLANG_WARN_OBJC_LITERAL_CONVERSION = YES;
				CLANG_WARN_OBJC_ROOT_CLASS = YES_ERROR;
				CLANG_WARN_RANGE_LOOP_ANALYSIS = YES;
				CLANG_WARN_STRICT_PROTOTYPES = YES;
				CLANG_WARN_SUSPICIOUS_MOVE = YES;
				CLANG_WARN_UNGUARDED_AVAILABILITY = YES_AGGRESSIVE;
				CLANG_WARN_UNREACHABLE_CODE = YES;
				CLANG_WARN__DUPLICATE_METHOD_MATCH = YES;
				COPY_PHASE_STRIP = NO;
				DEBUG_INFORMATION_FORMAT = dwarf;
				ENABLE_STRICT_OBJC_MSGSEND = YES;
				ENABLE_TESTABILITY = YES;
				GCC_C_LANGUAGE_STANDARD = gnu11;
				GCC_DYNAMIC_NO_PIC = NO;
				GCC_NO_COMMON_BLOCKS = YES;
				GCC_OPTIMIZATION_LEVEL = 0;
				GCC_PREPROCESSOR_DEFINITIONS = (
					"DEBUG=1",
					"$(inherited)",
				);
				GCC_WARN_64_TO_32_BIT_CONVERSION = YES;
				GCC_WARN_ABOUT_RETURN_TYPE = YES_ERROR;
				GCC_WARN_UNDECLARED_SELECTOR = YES;
				GCC_WARN_UNINITIALIZED_AUTOS = YES_AGGRESSIVE;
				GCC_WARN_UNUSED_FUNCTION = YES;
				GCC_WARN_UNUSED_VARIABLE = YES;
				IPHONEOS_DEPLOYMENT_TARGET = 13.5;
				MTL_ENABLE_DEBUG_INFO = INCLUDE_SOURCE;
				MTL_FAST_MATH = YES;
				ONLY_ACTIVE_ARCH = YES;
				SDKROOT = iphoneos;
				SWIFT_ACTIVE_COMPILATION_CONDITIONS = DEBUG;
				SWIFT_OPTIMIZATION_LEVEL = "-Onone";
			};
			name = Debug;
		};
		227D8A86249C83A500D992B0 /* Release */ = {
			isa = XCBuildConfiguration;
			buildSettings = {
				ALWAYS_SEARCH_USER_PATHS = NO;
				CLANG_ANALYZER_NONNULL = YES;
				CLANG_ANALYZER_NUMBER_OBJECT_CONVERSION = YES_AGGRESSIVE;
				CLANG_CXX_LANGUAGE_STANDARD = "gnu++14";
				CLANG_CXX_LIBRARY = "libc++";
				CLANG_ENABLE_MODULES = YES;
				CLANG_ENABLE_OBJC_ARC = YES;
				CLANG_ENABLE_OBJC_WEAK = YES;
				CLANG_WARN_BLOCK_CAPTURE_AUTORELEASING = YES;
				CLANG_WARN_BOOL_CONVERSION = YES;
				CLANG_WARN_COMMA = YES;
				CLANG_WARN_CONSTANT_CONVERSION = YES;
				CLANG_WARN_DEPRECATED_OBJC_IMPLEMENTATIONS = YES;
				CLANG_WARN_DIRECT_OBJC_ISA_USAGE = YES_ERROR;
				CLANG_WARN_DOCUMENTATION_COMMENTS = YES;
				CLANG_WARN_EMPTY_BODY = YES;
				CLANG_WARN_ENUM_CONVERSION = YES;
				CLANG_WARN_INFINITE_RECURSION = YES;
				CLANG_WARN_INT_CONVERSION = YES;
				CLANG_WARN_NON_LITERAL_NULL_CONVERSION = YES;
				CLANG_WARN_OBJC_IMPLICIT_RETAIN_SELF = YES;
				CLANG_WARN_OBJC_LITERAL_CONVERSION = YES;
				CLANG_WARN_OBJC_ROOT_CLASS = YES_ERROR;
				CLANG_WARN_RANGE_LOOP_ANALYSIS = YES;
				CLANG_WARN_STRICT_PROTOTYPES = YES;
				CLANG_WARN_SUSPICIOUS_MOVE = YES;
				CLANG_WARN_UNGUARDED_AVAILABILITY = YES_AGGRESSIVE;
				CLANG_WARN_UNREACHABLE_CODE = YES;
				CLANG_WARN__DUPLICATE_METHOD_MATCH = YES;
				COPY_PHASE_STRIP = NO;
				DEBUG_INFORMATION_FORMAT = "dwarf-with-dsym";
				ENABLE_NS_ASSERTIONS = NO;
				ENABLE_STRICT_OBJC_MSGSEND = YES;
				GCC_C_LANGUAGE_STANDARD = gnu11;
				GCC_NO_COMMON_BLOCKS = YES;
				GCC_WARN_64_TO_32_BIT_CONVERSION = YES;
				GCC_WARN_ABOUT_RETURN_TYPE = YES_ERROR;
				GCC_WARN_UNDECLARED_SELECTOR = YES;
				GCC_WARN_UNINITIALIZED_AUTOS = YES_AGGRESSIVE;
				GCC_WARN_UNUSED_FUNCTION = YES;
				GCC_WARN_UNUSED_VARIABLE = YES;
				IPHONEOS_DEPLOYMENT_TARGET = 13.5;
				MTL_ENABLE_DEBUG_INFO = NO;
				MTL_FAST_MATH = YES;
				SDKROOT = iphoneos;
				SWIFT_COMPILATION_MODE = wholemodule;
				SWIFT_OPTIMIZATION_LEVEL = "-O";
				VALIDATE_PRODUCT = YES;
			};
			name = Release;
		};
		227D8A88249C83A600D992B0 /* Debug */ = {
			isa = XCBuildConfiguration;
			baseConfigurationReference = F5F3BE8B414FD9BF641ABB34 /* Pods-KevBackEnd.debug.xcconfig */;
			buildSettings = {
				ASSETCATALOG_COMPILER_APPICON_NAME = AppIcon;
				CODE_SIGN_STYLE = Automatic;
				DEVELOPMENT_TEAM = SC6R6MV2N8;
				INFOPLIST_FILE = KevBackEnd/Info.plist;
				LD_RUNPATH_SEARCH_PATHS = (
					"$(inherited)",
					"@executable_path/Frameworks",
				);
				PRODUCT_BUNDLE_IDENTIFIER = com.beyond2021.KevBackEnd;
				PRODUCT_NAME = "$(TARGET_NAME)";
				SWIFT_VERSION = 5.0;
				TARGETED_DEVICE_FAMILY = "1,2";
			};
			name = Debug;
		};
		227D8A89249C83A600D992B0 /* Release */ = {
			isa = XCBuildConfiguration;
			baseConfigurationReference = 9793EBB89DB9B1C24407774B /* Pods-KevBackEnd.release.xcconfig */;
			buildSettings = {
				ASSETCATALOG_COMPILER_APPICON_NAME = AppIcon;
				CODE_SIGN_STYLE = Automatic;
				DEVELOPMENT_TEAM = SC6R6MV2N8;
				INFOPLIST_FILE = KevBackEnd/Info.plist;
				LD_RUNPATH_SEARCH_PATHS = (
					"$(inherited)",
					"@executable_path/Frameworks",
				);
				PRODUCT_BUNDLE_IDENTIFIER = com.beyond2021.KevBackEnd;
				PRODUCT_NAME = "$(TARGET_NAME)";
				SWIFT_VERSION = 5.0;
				TARGETED_DEVICE_FAMILY = "1,2";
			};
			name = Release;
		};
/* End XCBuildConfiguration section */

/* Begin XCConfigurationList section */
		227D8A6C249C838800D992B0 /* Build configuration list for PBXProject "KevBackEnd" */ = {
			isa = XCConfigurationList;
			buildConfigurations = (
				227D8A85249C83A500D992B0 /* Debug */,
				227D8A86249C83A500D992B0 /* Release */,
			);
			defaultConfigurationIsVisible = 0;
			defaultConfigurationName = Release;
		};
		227D8A87249C83A600D992B0 /* Build configuration list for PBXNativeTarget "KevBackEnd" */ = {
			isa = XCConfigurationList;
			buildConfigurations = (
				227D8A88249C83A600D992B0 /* Debug */,
				227D8A89249C83A600D992B0 /* Release */,
			);
			defaultConfigurationIsVisible = 0;
			defaultConfigurationName = Release;
		};
/* End XCConfigurationList section */
	};
	rootObject = 227D8A69249C838800D992B0 /* Project object */;
}
